
Microsoft Visual Studio Solution File, Format Version 12.00
# Visual Studio Version 16
VisualStudioVersion = 16.0.30011.22
MinimumVisualStudioVersion = 10.0.40219.1
Project("{FAE04EC0-301F-11D3-BF4B-00C04F79EFBC}") = "WpfApp1", "WpfApp1.csproj", "{90377F5D-6232-4CD0-A689-F4CB7ED681CA}"
EndProject
Global
	GlobalSection(SolutionConfigurationPlatforms) = preSolution
		Debug|Any CPU = Debug|Any CPU
		Release|Any CPU = Release|Any CPU
	EndGlobalSection
	GlobalSection(ProjectConfigurationPlatforms) = postSolution
		{90377F5D-6232-4CD0-A689-F4CB7ED681CA}.Debug|Any CPU.ActiveCfg = Debug|Any CPU
		{90377F5D-6232-4CD0-A689-F4CB7ED681CA}.Debug|Any CPU.Build.0 = Debug|Any CPU
		{90377F5D-6232-4CD0-A689-F4CB7ED681CA}.Release|Any CPU.ActiveCfg = Release|Any CPU
		{90377F5D-6232-4CD0-A689-F4CB7ED681CA}.Release|Any CPU.Build.0 = Release|Any CPU
	EndGlobalSection
	GlobalSection(SolutionProperties) = preSolution
		HideSolutionNode = FALSE
	EndGlobalSection
	GlobalSection(ExtensibilityGlobals) = postSolution
		SolutionGuid = {B600FA41-DB3F-4FD0-A6BE-F17611494856}
	EndGlobalSection
EndGlobal
